
Microsoft Visual Studio Solution File, Format Version 12.00
# Visual Studio 15
VisualStudioVersion = 15.0.28307.438
MinimumVisualStudioVersion = 10.0.40219.1
Project("{FAE04EC0-301F-11D3-BF4B-00C04F79EFBC}") = "AnimalCat", "AnimalCat\AnimalCat.csproj", "{CBF1A3FC-EF26-4C76-A791-C98967D88F23}"
EndProject
Global
	GlobalSection(SolutionConfigurationPlatforms) = preSolution
		Debug|Any CPU = Debug|Any CPU
		Release|Any CPU = Release|Any CPU
	EndGlobalSection
	GlobalSection(ProjectConfigurationPlatforms) = postSolution
		{CBF1A3FC-EF26-4C76-A791-C98967D88F23}.Debug|Any CPU.ActiveCfg = Debug|Any CPU
		{CBF1A3FC-EF26-4C76-A791-C98967D88F23}.Debug|Any CPU.Build.0 = Debug|Any CPU
		{CBF1A3FC-EF26-4C76-A791-C98967D88F23}.Release|Any CPU.ActiveCfg = Release|Any CPU
		{CBF1A3FC-EF26-4C76-A791-C98967D88F23}.Release|Any CPU.Build.0 = Release|Any CPU
	EndGlobalSection
	GlobalSection(SolutionProperties) = preSolution
		HideSolutionNode = FALSE
	EndGlobalSection
	GlobalSection(ExtensibilityGlobals) = postSolution
		SolutionGuid = {614919B3-9193-409A-84DE-54749FFDAFA3}
	EndGlobalSection
EndGlobal
